
Microsoft Visual Studio Solution File, Format Version 12.00
# Visual Studio Version 16
VisualStudioVersion = 16.0.30011.22
MinimumVisualStudioVersion = 10.0.40219.1
Project("{9A19103F-16F7-4668-BE54-9A1E7A4F7556}") = "BookCRUDApp", "BookCRUDApp\BookCRUDApp.csproj", "{750CAD09-99B2-4F07-84EF-C970633DFFAC}"
EndProject
Global
	GlobalSection(SolutionConfigurationPlatforms) = preSolution
		Debug|Any CPU = Debug|Any CPU
		Release|Any CPU = Release|Any CPU
	EndGlobalSection
	GlobalSection(ProjectConfigurationPlatforms) = postSolution
		{750CAD09-99B2-4F07-84EF-C970633DFFAC}.Debug|Any CPU.ActiveCfg = Debug|Any CPU
		{750CAD09-99B2-4F07-84EF-C970633DFFAC}.Debug|Any CPU.Build.0 = Debug|Any CPU
		{750CAD09-99B2-4F07-84EF-C970633DFFAC}.Release|Any CPU.ActiveCfg = Release|Any CPU
		{750CAD09-99B2-4F07-84EF-C970633DFFAC}.Release|Any CPU.Build.0 = Release|Any CPU
	EndGlobalSection
	GlobalSection(SolutionProperties) = preSolution
		HideSolutionNode = FALSE
	EndGlobalSection
	GlobalSection(ExtensibilityGlobals) = postSolution
		SolutionGuid = {ECD6BE0E-7E10-4BA7-9F46-78223971D585}
	EndGlobalSection
EndGlobal
